
Microsoft Visual Studio Solution File, Format Version 12.00
# Visual Studio 15
VisualStudioVersion = 15.0.27428.2037
MinimumVisualStudioVersion = 10.0.40219.1
Project("{FAE04EC0-301F-11D3-BF4B-00C04F79EFBC}") = "Dao", "Dao\Dao.csproj", "{19135800-1217-459B-AE83-4673C0A9B36F}"
EndProject
Project("{FAE04EC0-301F-11D3-BF4B-00C04F79EFBC}") = "Common.Logic", "Common.Logic\Common.Logic.csproj", "{C05B7CE1-FD3C-4A79-8A56-D10ED7F097C3}"
EndProject
Project("{FAE04EC0-301F-11D3-BF4B-00C04F79EFBC}") = "Business.Logic", "Business.Logic\Business.Logic.csproj", "{2460DA7C-F48F-42AF-88E9-D1F12C3A4E5B}"
EndProject
Project("{FAE04EC0-301F-11D3-BF4B-00C04F79EFBC}") = "WebApi", "WebApi\WebApi.csproj", "{E4E20FA9-CBEA-4411-B878-26B52CC88F09}"
EndProject
Global
	GlobalSection(SolutionConfigurationPlatforms) = preSolution
		Debug|Any CPU = Debug|Any CPU
		Release|Any CPU = Release|Any CPU
	EndGlobalSection
	GlobalSection(ProjectConfigurationPlatforms) = postSolution
		{19135800-1217-459B-AE83-4673C0A9B36F}.Debug|Any CPU.ActiveCfg = Debug|Any CPU
		{19135800-1217-459B-AE83-4673C0A9B36F}.Debug|Any CPU.Build.0 = Debug|Any CPU
		{19135800-1217-459B-AE83-4673C0A9B36F}.Release|Any CPU.ActiveCfg = Release|Any CPU
		{19135800-1217-459B-AE83-4673C0A9B36F}.Release|Any CPU.Build.0 = Release|Any CPU
		{C05B7CE1-FD3C-4A79-8A56-D10ED7F097C3}.Debug|Any CPU.ActiveCfg = Debug|Any CPU
		{C05B7CE1-FD3C-4A79-8A56-D10ED7F097C3}.Debug|Any CPU.Build.0 = Debug|Any CPU
		{C05B7CE1-FD3C-4A79-8A56-D10ED7F097C3}.Release|Any CPU.ActiveCfg = Release|Any CPU
		{C05B7CE1-FD3C-4A79-8A56-D10ED7F097C3}.Release|Any CPU.Build.0 = Release|Any CPU
		{2460DA7C-F48F-42AF-88E9-D1F12C3A4E5B}.Debug|Any CPU.ActiveCfg = Debug|Any CPU
		{2460DA7C-F48F-42AF-88E9-D1F12C3A4E5B}.Debug|Any CPU.Build.0 = Debug|Any CPU
		{2460DA7C-F48F-42AF-88E9-D1F12C3A4E5B}.Release|Any CPU.ActiveCfg = Release|Any CPU
		{2460DA7C-F48F-42AF-88E9-D1F12C3A4E5B}.Release|Any CPU.Build.0 = Release|Any CPU
		{E4E20FA9-CBEA-4411-B878-26B52CC88F09}.Debug|Any CPU.ActiveCfg = Debug|Any CPU
		{E4E20FA9-CBEA-4411-B878-26B52CC88F09}.Debug|Any CPU.Build.0 = Debug|Any CPU
		{E4E20FA9-CBEA-4411-B878-26B52CC88F09}.Release|Any CPU.ActiveCfg = Release|Any CPU
		{E4E20FA9-CBEA-4411-B878-26B52CC88F09}.Release|Any CPU.Build.0 = Release|Any CPU
	EndGlobalSection
	GlobalSection(SolutionProperties) = preSolution
		HideSolutionNode = FALSE
	EndGlobalSection
	GlobalSection(ExtensibilityGlobals) = postSolution
		SolutionGuid = {E1176F34-1482-4389-888B-2CEEF2F52C74}
	EndGlobalSection
EndGlobal
